
Microsoft Visual Studio Solution File, Format Version 12.00
# Visual Studio Version 17
VisualStudioVersion = 17.0.31903.59
MinimumVisualStudioVersion = 10.0.40219.1
Project("{2150E333-8FDC-42A3-9474-1A3956D46DE8}") = "src", "src", "{827E0CD3-B72D-47B6-A68D-7590B98EB39B}"
EndProject
Project("{FAE04EC0-301F-11D3-BF4B-00C04F79EFBC}") = "DocumentClassificationService", "src\DocumentClassificationService\DocumentClassificationService.csproj", "{934FA027-2DE0-4BDA-971D-0CAD62BDAA23}"
EndProject
Project("{FAE04EC0-301F-11D3-BF4B-00C04F79EFBC}") = "LegacyMonolithSimulator", "src\LegacyMonolithSimulator\LegacyMonolithSimulator.csproj", "{860B4923-FA39-457A-B928-C30F371E680D}"
EndProject
Project("{2150E333-8FDC-42A3-9474-1A3956D46DE8}") = "tests", "tests", "{0AB3BF05-4346-4AA6-1389-037BE0695223}"
EndProject
Project("{FAE04EC0-301F-11D3-BF4B-00C04F79EFBC}") = "DocumentClassificationService.Tests", "tests\DocumentClassificationService.Tests\DocumentClassificationService.Tests.csproj", "{5F544744-106B-4C39-BD56-345192E51AB6}"
EndProject
Project("{FAE04EC0-301F-11D3-BF4B-00C04F79EFBC}") = "LegacyMonolithSimulator.Tests", "tests\LegacyMonolithSimulator.Tests\LegacyMonolithSimulator.Tests.csproj", "{358BC1F9-6E8E-4DFD-8C5D-6B53FFBD8DB9}"
EndProject
Global
	GlobalSection(SolutionConfigurationPlatforms) = preSolution
		Debug|Any CPU = Debug|Any CPU
		Debug|x64 = Debug|x64
		Debug|x86 = Debug|x86
		Release|Any CPU = Release|Any CPU
		Release|x64 = Release|x64
		Release|x86 = Release|x86
	EndGlobalSection
	GlobalSection(ProjectConfigurationPlatforms) = postSolution
		{934FA027-2DE0-4BDA-971D-0CAD62BDAA23}.Debug|Any CPU.ActiveCfg = Debug|Any CPU
		{934FA027-2DE0-4BDA-971D-0CAD62BDAA23}.Debug|Any CPU.Build.0 = Debug|Any CPU
		{934FA027-2DE0-4BDA-971D-0CAD62BDAA23}.Debug|x64.ActiveCfg = Debug|Any CPU
		{934FA027-2DE0-4BDA-971D-0CAD62BDAA23}.Debug|x64.Build.0 = Debug|Any CPU
		{934FA027-2DE0-4BDA-971D-0CAD62BDAA23}.Debug|x86.ActiveCfg = Debug|Any CPU
		{934FA027-2DE0-4BDA-971D-0CAD62BDAA23}.Debug|x86.Build.0 = Debug|Any CPU
		{934FA027-2DE0-4BDA-971D-0CAD62BDAA23}.Release|Any CPU.ActiveCfg = Release|Any CPU
		{934FA027-2DE0-4BDA-971D-0CAD62BDAA23}.Release|Any CPU.Build.0 = Release|Any CPU
		{934FA027-2DE0-4BDA-971D-0CAD62BDAA23}.Release|x64.ActiveCfg = Release|Any CPU
		{934FA027-2DE0-4BDA-971D-0CAD62BDAA23}.Release|x64.Build.0 = Release|Any CPU
		{934FA027-2DE0-4BDA-971D-0CAD62BDAA23}.Release|x86.ActiveCfg = Release|Any CPU
		{934FA027-2DE0-4BDA-971D-0CAD62BDAA23}.Release|x86.Build.0 = Release|Any CPU
		{860B4923-FA39-457A-B928-C30F371E680D}.Debug|Any CPU.ActiveCfg = Debug|Any CPU
		{860B4923-FA39-457A-B928-C30F371E680D}.Debug|Any CPU.Build.0 = Debug|Any CPU
		{860B4923-FA39-457A-B928-C30F371E680D}.Debug|x64.ActiveCfg = Debug|Any CPU
		{860B4923-FA39-457A-B928-C30F371E680D}.Debug|x64.Build.0 = Debug|Any CPU
		{860B4923-FA39-457A-B928-C30F371E680D}.Debug|x86.ActiveCfg = Debug|Any CPU
		{860B4923-FA39-457A-B928-C30F371E680D}.Debug|x86.Build.0 = Debug|Any CPU
		{860B4923-FA39-457A-B928-C30F371E680D}.Release|Any CPU.ActiveCfg = Release|Any CPU
		{860B4923-FA39-457A-B928-C30F371E680D}.Release|Any CPU.Build.0 = Release|Any CPU
		{860B4923-FA39-457A-B928-C30F371E680D}.Release|x64.ActiveCfg = Release|Any CPU
		{860B4923-FA39-457A-B928-C30F371E680D}.Release|x64.Build.0 = Release|Any CPU
		{860B4923-FA39-457A-B928-C30F371E680D}.Release|x86.ActiveCfg = Release|Any CPU
		{860B4923-FA39-457A-B928-C30F371E680D}.Release|x86.Build.0 = Release|Any CPU
		{5F544744-106B-4C39-BD56-345192E51AB6}.Debug|Any CPU.ActiveCfg = Debug|Any CPU
		{5F544744-106B-4C39-BD56-345192E51AB6}.Debug|Any CPU.Build.0 = Debug|Any CPU
		{5F544744-106B-4C39-BD56-345192E51AB6}.Debug|x64.ActiveCfg = Debug|Any CPU
		{5F544744-106B-4C39-BD56-345192E51AB6}.Debug|x64.Build.0 = Debug|Any CPU
		{5F544744-106B-4C39-BD56-345192E51AB6}.Debug|x86.ActiveCfg = Debug|Any CPU
		{5F544744-106B-4C39-BD56-345192E51AB6}.Debug|x86.Build.0 = Debug|Any CPU
		{5F544744-106B-4C39-BD56-345192E51AB6}.Release|Any CPU.ActiveCfg = Release|Any CPU
		{5F544744-106B-4C39-BD56-345192E51AB6}.Release|Any CPU.Build.0 = Release|Any CPU
		{5F544744-106B-4C39-BD56-345192E51AB6}.Release|x64.ActiveCfg = Release|Any CPU
		{5F544744-106B-4C39-BD56-345192E51AB6}.Release|x64.Build.0 = Release|Any CPU
		{5F544744-106B-4C39-BD56-345192E51AB6}.Release|x86.ActiveCfg = Release|Any CPU
		{5F544744-106B-4C39-BD56-345192E51AB6}.Release|x86.Build.0 = Release|Any CPU
		{358BC1F9-6E8E-4DFD-8C5D-6B53FFBD8DB9}.Debug|Any CPU.ActiveCfg = Debug|Any CPU
		{358BC1F9-6E8E-4DFD-8C5D-6B53FFBD8DB9}.Debug|Any CPU.Build.0 = Debug|Any CPU
		{358BC1F9-6E8E-4DFD-8C5D-6B53FFBD8DB9}.Debug|x64.ActiveCfg = Debug|Any CPU
		{358BC1F9-6E8E-4DFD-8C5D-6B53FFBD8DB9}.Debug|x64.Build.0 = Debug|Any CPU
		{358BC1F9-6E8E-4DFD-8C5D-6B53FFBD8DB9}.Debug|x86.ActiveCfg = Debug|Any CPU
		{358BC1F9-6E8E-4DFD-8C5D-6B53FFBD8DB9}.Debug|x86.Build.0 = Debug|Any CPU
		{358BC1F9-6E8E-4DFD-8C5D-6B53FFBD8DB9}.Release|Any CPU.ActiveCfg = Release|Any CPU
		{358BC1F9-6E8E-4DFD-8C5D-6B53FFBD8DB9}.Release|Any CPU.Build.0 = Release|Any CPU
		{358BC1F9-6E8E-4DFD-8C5D-6B53FFBD8DB9}.Release|x64.ActiveCfg = Release|Any CPU
		{358BC1F9-6E8E-4DFD-8C5D-6B53FFBD8DB9}.Release|x64.Build.0 = Release|Any CPU
		{358BC1F9-6E8E-4DFD-8C5D-6B53FFBD8DB9}.Release|x86.ActiveCfg = Release|Any CPU
		{358BC1F9-6E8E-4DFD-8C5D-6B53FFBD8DB9}.Release|x86.Build.0 = Release|Any CPU
	EndGlobalSection
	GlobalSection(SolutionProperties) = preSolution
		HideSolutionNode = FALSE
	EndGlobalSection
	GlobalSection(NestedProjects) = preSolution
		{934FA027-2DE0-4BDA-971D-0CAD62BDAA23} = {827E0CD3-B72D-47B6-A68D-7590B98EB39B}
		{860B4923-FA39-457A-B928-C30F371E680D} = {827E0CD3-B72D-47B6-A68D-7590B98EB39B}
		{5F544744-106B-4C39-BD56-345192E51AB6} = {0AB3BF05-4346-4AA6-1389-037BE0695223}
		{358BC1F9-6E8E-4DFD-8C5D-6B53FFBD8DB9} = {0AB3BF05-4346-4AA6-1389-037BE0695223}
	EndGlobalSection
EndGlobal
